
Microsoft Visual Studio Solution File, Format Version 12.00
# Visual Studio Version 16
VisualStudioVersion = 16.0.31911.196
MinimumVisualStudioVersion = 10.0.40219.1
Project("{2150E333-8FDC-42A3-9474-1A3956D46DE8}") = "Src", "Src", "{356EE9C3-6E27-4A4E-A93F-94EA708DCCE0}"
EndProject
Project("{2150E333-8FDC-42A3-9474-1A3956D46DE8}") = "Application", "Application", "{4430E9C8-71E8-40FD-ACAD-5C9894754CF5}"
EndProject
Project("{2150E333-8FDC-42A3-9474-1A3956D46DE8}") = "Domain", "Domain", "{5598B78F-3ECB-4C0A-8C80-4E4B574E21B7}"
EndProject
Project("{2150E333-8FDC-42A3-9474-1A3956D46DE8}") = "IOC", "IOC", "{01713D62-D00A-41B7-89CC-66923A4EA198}"
EndProject
Project("{2150E333-8FDC-42A3-9474-1A3956D46DE8}") = "Presentation", "Presentation", "{19B4E1C3-5566-4DB0-908E-60A676C66A58}"
EndProject
Project("{9A19103F-16F7-4668-BE54-9A1E7A4F7556}") = "DigiStore.Application", "DigiStore.Application\DigiStore.Application.csproj", "{BD8BF4BC-59BA-4721-BE22-0D9D39345E82}"
EndProject
Project("{9A19103F-16F7-4668-BE54-9A1E7A4F7556}") = "DigiStore.IOC", "DigiStore.IOC\DigiStore.IOC.csproj", "{7D58726D-88D2-4003-801D-696665DD8AF8}"
EndProject
Project("{9A19103F-16F7-4668-BE54-9A1E7A4F7556}") = "DigiStore.Web", "DigiStore.Web\DigiStore.Web.csproj", "{9F631EA1-9547-4A6E-AAEB-306596BC4B7D}"
EndProject
Project("{FAE04EC0-301F-11D3-BF4B-00C04F79EFBC}") = "DigiStore.Domain", "DigiStore.Domain\DigiStore.Domain.csproj", "{002345FD-A1F9-4CF7-A903-CDC7021807B5}"
EndProject
Project("{2150E333-8FDC-42A3-9474-1A3956D46DE8}") = "Data", "Data", "{96629926-09CE-4F18-B4FC-4735215BCA91}"
EndProject
Project("{FAE04EC0-301F-11D3-BF4B-00C04F79EFBC}") = "DigiStore.Data", "DigiStore.Data\DigiStore.Data.csproj", "{14503B6D-EBB5-4A52-9AF3-2146D869C05B}"
EndProject
Global
	GlobalSection(SolutionConfigurationPlatforms) = preSolution
		Debug|Any CPU = Debug|Any CPU
		Release|Any CPU = Release|Any CPU
	EndGlobalSection
	GlobalSection(ProjectConfigurationPlatforms) = postSolution
		{BD8BF4BC-59BA-4721-BE22-0D9D39345E82}.Debug|Any CPU.ActiveCfg = Debug|Any CPU
		{BD8BF4BC-59BA-4721-BE22-0D9D39345E82}.Debug|Any CPU.Build.0 = Debug|Any CPU
		{BD8BF4BC-59BA-4721-BE22-0D9D39345E82}.Release|Any CPU.ActiveCfg = Release|Any CPU
		{BD8BF4BC-59BA-4721-BE22-0D9D39345E82}.Release|Any CPU.Build.0 = Release|Any CPU
		{7D58726D-88D2-4003-801D-696665DD8AF8}.Debug|Any CPU.ActiveCfg = Debug|Any CPU
		{7D58726D-88D2-4003-801D-696665DD8AF8}.Debug|Any CPU.Build.0 = Debug|Any CPU
		{7D58726D-88D2-4003-801D-696665DD8AF8}.Release|Any CPU.ActiveCfg = Release|Any CPU
		{7D58726D-88D2-4003-801D-696665DD8AF8}.Release|Any CPU.Build.0 = Release|Any CPU
		{9F631EA1-9547-4A6E-AAEB-306596BC4B7D}.Debug|Any CPU.ActiveCfg = Debug|Any CPU
		{9F631EA1-9547-4A6E-AAEB-306596BC4B7D}.Debug|Any CPU.Build.0 = Debug|Any CPU
		{9F631EA1-9547-4A6E-AAEB-306596BC4B7D}.Release|Any CPU.ActiveCfg = Release|Any CPU
		{9F631EA1-9547-4A6E-AAEB-306596BC4B7D}.Release|Any CPU.Build.0 = Release|Any CPU
		{002345FD-A1F9-4CF7-A903-CDC7021807B5}.Debug|Any CPU.ActiveCfg = Debug|Any CPU
		{002345FD-A1F9-4CF7-A903-CDC7021807B5}.Debug|Any CPU.Build.0 = Debug|Any CPU
		{002345FD-A1F9-4CF7-A903-CDC7021807B5}.Release|Any CPU.ActiveCfg = Release|Any CPU
		{002345FD-A1F9-4CF7-A903-CDC7021807B5}.Release|Any CPU.Build.0 = Release|Any CPU
		{14503B6D-EBB5-4A52-9AF3-2146D869C05B}.Debug|Any CPU.ActiveCfg = Debug|Any CPU
		{14503B6D-EBB5-4A52-9AF3-2146D869C05B}.Debug|Any CPU.Build.0 = Debug|Any CPU
		{14503B6D-EBB5-4A52-9AF3-2146D869C05B}.Release|Any CPU.ActiveCfg = Release|Any CPU
		{14503B6D-EBB5-4A52-9AF3-2146D869C05B}.Release|Any CPU.Build.0 = Release|Any CPU
	EndGlobalSection
	GlobalSection(SolutionProperties) = preSolution
		HideSolutionNode = FALSE
	EndGlobalSection
	GlobalSection(NestedProjects) = preSolution
		{4430E9C8-71E8-40FD-ACAD-5C9894754CF5} = {356EE9C3-6E27-4A4E-A93F-94EA708DCCE0}
		{5598B78F-3ECB-4C0A-8C80-4E4B574E21B7} = {356EE9C3-6E27-4A4E-A93F-94EA708DCCE0}
		{01713D62-D00A-41B7-89CC-66923A4EA198} = {356EE9C3-6E27-4A4E-A93F-94EA708DCCE0}
		{19B4E1C3-5566-4DB0-908E-60A676C66A58} = {356EE9C3-6E27-4A4E-A93F-94EA708DCCE0}
		{BD8BF4BC-59BA-4721-BE22-0D9D39345E82} = {4430E9C8-71E8-40FD-ACAD-5C9894754CF5}
		{7D58726D-88D2-4003-801D-696665DD8AF8} = {01713D62-D00A-41B7-89CC-66923A4EA198}
		{9F631EA1-9547-4A6E-AAEB-306596BC4B7D} = {19B4E1C3-5566-4DB0-908E-60A676C66A58}
		{002345FD-A1F9-4CF7-A903-CDC7021807B5} = {5598B78F-3ECB-4C0A-8C80-4E4B574E21B7}
		{96629926-09CE-4F18-B4FC-4735215BCA91} = {356EE9C3-6E27-4A4E-A93F-94EA708DCCE0}
		{14503B6D-EBB5-4A52-9AF3-2146D869C05B} = {96629926-09CE-4F18-B4FC-4735215BCA91}
	EndGlobalSection
	GlobalSection(ExtensibilityGlobals) = postSolution
		SolutionGuid = {25EB20D1-8833-4E7A-8366-5CB244AA172D}
	EndGlobalSection
EndGlobal
